
Microsoft Visual Studio Solution File, Format Version 12.00
# Visual Studio Version 17
VisualStudioVersion = 17.6.33829.357
MinimumVisualStudioVersion = 10.0.40219.1
Project("{FAE04EC0-301F-11D3-BF4B-00C04F79EFBC}") = "CI_CD", "CI_CD\CI_CD.csproj", "{8C042133-01A1-4775-9FAE-FE0934FB3D17}"
EndProject
Global
	GlobalSection(SolutionConfigurationPlatforms) = preSolution
		Debug|Any CPU = Debug|Any CPU
		Release|Any CPU = Release|Any CPU
	EndGlobalSection
	GlobalSection(ProjectConfigurationPlatforms) = postSolution
		{8C042133-01A1-4775-9FAE-FE0934FB3D17}.Debug|Any CPU.ActiveCfg = Debug|Any CPU
		{8C042133-01A1-4775-9FAE-FE0934FB3D17}.Debug|Any CPU.Build.0 = Debug|Any CPU
		{8C042133-01A1-4775-9FAE-FE0934FB3D17}.Release|Any CPU.ActiveCfg = Release|Any CPU
		{8C042133-01A1-4775-9FAE-FE0934FB3D17}.Release|Any CPU.Build.0 = Release|Any CPU
	EndGlobalSection
	GlobalSection(SolutionProperties) = preSolution
		HideSolutionNode = FALSE
	EndGlobalSection
	GlobalSection(ExtensibilityGlobals) = postSolution
		SolutionGuid = {BECFC16C-751A-474E-9CC0-2CC730E72633}
	EndGlobalSection
EndGlobal
